
Microsoft Visual Studio Solution File, Format Version 12.00
# Visual Studio 2015
Project("{FAE04EC0-301F-11D3-BF4B-00C04F79EFBC}") = "Bakk rikk", "Bakk rikk.csproj", "{510483D7-625D-3FAE-0616-614839DF68C6}"
EndProject
Global
	GlobalSection(SolutionConfigurationPlatforms) = preSolution
		Debug|Any CPU = Debug|Any CPU
		Release|Any CPU = Release|Any CPU
	EndGlobalSection
	GlobalSection(ProjectConfigurationPlatforms) = postSolution
		{510483D7-625D-3FAE-0616-614839DF68C6}.Debug|Any CPU.ActiveCfg = Debug|Any CPU
		{510483D7-625D-3FAE-0616-614839DF68C6}.Debug|Any CPU.Build.0 = Debug|Any CPU
		{510483D7-625D-3FAE-0616-614839DF68C6}.Release|Any CPU.ActiveCfg = Release|Any CPU
		{510483D7-625D-3FAE-0616-614839DF68C6}.Release|Any CPU.Build.0 = Release|Any CPU
	EndGlobalSection
	GlobalSection(SolutionProperties) = preSolution
		HideSolutionNode = FALSE
	EndGlobalSection
EndGlobal
